// !$*UTF8*$!
{
	archiveVersion = 1;
	classes = {
	};
	objectVersion = 56;
	objects = {

/* Begin PBXBuildFile section */
		8D18CAD62B727FA2004C5423 /* H4CXR_NEWSApp.swift in Sources */ = {isa = PBXBuildFile; fileRef = 8D18CAD52B727FA2004C5423 /* H4CXR_NEWSApp.swift */; };
		8D18CAD82B727FA2004C5423 /* ContentView.swift in Sources */ = {isa = PBXBuildFile; fileRef = 8D18CAD72B727FA2004C5423 /* ContentView.swift */; };
		8D18CADA2B727FA3004C5423 /* Assets.xcassets in Resources */ = {isa = PBXBuildFile; fileRef = 8D18CAD92B727FA3004C5423 /* Assets.xcassets */; };
		8D18CADD2B727FA3004C5423 /* Preview Assets.xcassets in Resources */ = {isa = PBXBuildFile; fileRef = 8D18CADC2B727FA3004C5423 /* Preview Assets.xcassets */; };
		8D51A0BD2B73CA3400D6A6AC /* data.swift in Sources */ = {isa = PBXBuildFile; fileRef = 8D51A0BC2B73CA3400D6A6AC /* data.swift */; };
		8D51A0BF2B73CE9800D6A6AC /* posts.swift in Sources */ = {isa = PBXBuildFile; fileRef = 8D51A0BE2B73CE9800D6A6AC /* posts.swift */; };
		8DB5F8FC2B77AAFD00BC5DE4 /* webUrlView.swift in Sources */ = {isa = PBXBuildFile; fileRef = 8DB5F8FB2B77AAFD00BC5DE4 /* webUrlView.swift */; };
		8DB5F8FE2B77B70B00BC5DE4 /* WebView.swift in Sources */ = {isa = PBXBuildFile; fileRef = 8DB5F8FD2B77B70B00BC5DE4 /* WebView.swift */; };
/* End PBXBuildFile section */

/* Begin PBXFileReference section */
		8D18CAD22B727FA2004C5423 /* H4CXR NEWS.app */ = {isa = PBXFileReference; explicitFileType = wrapper.application; includeInIndex = 0; path = "H4CXR NEWS.app"; sourceTree = BUILT_PRODUCTS_DIR; };
		8D18CAD52B727FA2004C5423 /* H4CXR_NEWSApp.swift */ = {isa = PBXFileReference; lastKnownFileType = sourcecode.swift; path = H4CXR_NEWSApp.swift; sourceTree = "<group>"; };
		8D18CAD72B727FA2004C5423 /* ContentView.swift */ = {isa = PBXFileReference; lastKnownFileType = sourcecode.swift; path = ContentView.swift; sourceTree = "<group>"; };
		8D18CAD92B727FA3004C5423 /* Assets.xcassets */ = {isa = PBXFileReference; lastKnownFileType = folder.assetcatalog; path = Assets.xcassets; sourceTree = "<group>"; };
		8D18CADC2B727FA3004C5423 /* Preview Assets.xcassets */ = {isa = PBXFileReference; lastKnownFileType = folder.assetcatalog; path = "Preview Assets.xcassets"; sourceTree = "<group>"; };
		8D51A0BC2B73CA3400D6A6AC /* data.swift */ = {isa = PBXFileReference; lastKnownFileType = sourcecode.swift; path = data.swift; sourceTree = "<group>"; };
		8D51A0BE2B73CE9800D6A6AC /* posts.swift */ = {isa = PBXFileReference; lastKnownFileType = sourcecode.swift; path = posts.swift; sourceTree = "<group>"; };
		8DB5F8FB2B77AAFD00BC5DE4 /* webUrlView.swift */ = {isa = PBXFileReference; lastKnownFileType = sourcecode.swift; path = webUrlView.swift; sourceTree = "<group>"; };
		8DB5F8FD2B77B70B00BC5DE4 /* WebView.swift */ = {isa = PBXFileReference; lastKnownFileType = sourcecode.swift; path = WebView.swift; sourceTree = "<group>"; };
		8DB5F8FF2B77BAE200BC5DE4 /* H4CXR NEWS.entitlements */ = {isa = PBXFileReference; lastKnownFileType = text.plist.entitlements; path = "H4CXR NEWS.entitlements"; sourceTree = "<group>"; };
/* End PBXFileReference section */

/* Begin PBXFrameworksBuildPhase section */
		8D18CACF2B727FA2004C5423 /* Frameworks */ = {
			isa = PBXFrameworksBuildPhase;
			buildActionMask = 2147483647;
			files = (
			);
			runOnlyForDeploymentPostprocessing = 0;
		};
/* End PBXFrameworksBuildPhase section */

/* Begin PBXGroup section */
		8D18CAC92B727FA2004C5423 = {
			isa = PBXGroup;
			children = (
				8D18CAD42B727FA2004C5423 /* H4CXR NEWS */,
				8D18CAD32B727FA2004C5423 /* Products */,
			);
			sourceTree = "<group>";
		};
		8D18CAD32B727FA2004C5423 /* Products */ = {
			isa = PBXGroup;
			children = (
				8D18CAD22B727FA2004C5423 /* H4CXR NEWS.app */,
			);
			name = Products;
			sourceTree = "<group>";
		};
		8D18CAD42B727FA2004C5423 /* H4CXR NEWS */ = {
			isa = PBXGroup;
			children = (
				8DB5F8FF2B77BAE200BC5DE4 /* H4CXR NEWS.entitlements */,
				8DB5F8F82B77AA9C00BC5DE4 /* Views */,
				8D51A0BB2B73CA0D00D6A6AC /* Model */,
				8D18CAD52B727FA2004C5423 /* H4CXR_NEWSApp.swift */,
				8D18CAD72B727FA2004C5423 /* ContentView.swift */,
				8D18CAD92B727FA3004C5423 /* Assets.xcassets */,
				8D18CADB2B727FA3004C5423 /* Preview Content */,
			);
			path = "H4CXR NEWS";
			sourceTree = "<group>";
		};
		8D18CADB2B727FA3004C5423 /* Preview Content */ = {
			isa = PBXGroup;
			children = (
				8D18CADC2B727FA3004C5423 /* Preview Assets.xcassets */,
			);
			path = "Preview Content";
			sourceTree = "<group>";
		};
		8D51A0BB2B73CA0D00D6A6AC /* Model */ = {
			isa = PBXGroup;
			children = (
				8D51A0BC2B73CA3400D6A6AC /* data.swift */,
				8D51A0BE2B73CE9800D6A6AC /* posts.swift */,
			);
			path = Model;
			sourceTree = "<group>";
		};
		8DB5F8F82B77AA9C00BC5DE4 /* Views */ = {
			isa = PBXGroup;
			children = (
				8DB5F8FB2B77AAFD00BC5DE4 /* webUrlView.swift */,
				8DB5F8FD2B77B70B00BC5DE4 /* WebView.swift */,
			);
			path = Views;
			sourceTree = "<group>";
		};
/* End PBXGroup section */

/* Begin PBXNativeTarget section */
		8D18CAD12B727FA2004C5423 /* H4CXR NEWS */ = {
			isa = PBXNativeTarget;
			buildConfigurationList = 8D18CAE02B727FA3004C5423 /* Build configuration list for PBXNativeTarget "H4CXR NEWS" */;
			buildPhases = (
				8D18CACE2B727FA2004C5423 /* Sources */,
				8D18CACF2B727FA2004C5423 /* Frameworks */,
				8D18CAD02B727FA2004C5423 /* Resources */,
			);
			buildRules = (
			);
			dependencies = (
			);
			name = "H4CXR NEWS";
			productName = "H4CXR NEWS";
			productReference = 8D18CAD22B727FA2004C5423 /* H4CXR NEWS.app */;
			productType = "com.apple.product-type.application";
		};
/* End PBXNativeTarget section */

/* Begin PBXProject section */
		8D18CACA2B727FA2004C5423 /* Project object */ = {
			isa = PBXProject;
			attributes = {
				BuildIndependentTargetsInParallel = 1;
				LastSwiftUpdateCheck = 1520;
				LastUpgradeCheck = 1520;
				TargetAttributes = {
					8D18CAD12B727FA2004C5423 = {
						CreatedOnToolsVersion = 15.2;
					};
				};
			};
			buildConfigurationList = 8D18CACD2B727FA2004C5423 /* Build configuration list for PBXProject "H4CXR NEWS" */;
			compatibilityVersion = "Xcode 14.0";
			developmentRegion = en;
			hasScannedForEncodings = 0;
			knownRegions = (
				en,
				Base,
			);
			mainGroup = 8D18CAC92B727FA2004C5423;
			productRefGroup = 8D18CAD32B727FA2004C5423 /* Products */;
			projectDirPath = "";
			projectRoot = "";
			targets = (
				8D18CAD12B727FA2004C5423 /* H4CXR NEWS */,
			);
		};
/* End PBXProject section */

/* Begin PBXResourcesBuildPhase section */
		8D18CAD02B727FA2004C5423 /* Resources */ = {
			isa = PBXResourcesBuildPhase;
			buildActionMask = 2147483647;
			files = (
				8D18CADD2B727FA3004C5423 /* Preview Assets.xcassets in Resources */,
				8D18CADA2B727FA3004C5423 /* Assets.xcassets in Resources */,
			);
			runOnlyForDeploymentPostprocessing = 0;
		};
/* End PBXResourcesBuildPhase section */

/* Begin PBXSourcesBuildPhase section */
		8D18CACE2B727FA2004C5423 /* Sources */ = {
			isa = PBXSourcesBuildPhase;
			buildActionMask = 2147483647;
			files = (
				8D18CAD82B727FA2004C5423 /* ContentView.swift in Sources */,
				8DB5F8FC2B77AAFD00BC5DE4 /* webUrlView.swift in Sources */,
				8D51A0BD2B73CA3400D6A6AC /* data.swift in Sources */,
				8DB5F8FE2B77B70B00BC5DE4 /* WebView.swift in Sources */,
				8D18CAD62B727FA2004C5423 /* H4CXR_NEWSApp.swift in Sources */,
				8D51A0BF2B73CE9800D6A6AC /* posts.swift in Sources */,
			);
			runOnlyForDeploymentPostprocessing = 0;
		};
/* End PBXSourcesBuildPhase section */

/* Begin XCBuildConfiguration section */
		8D18CADE2B727FA3004C5423 /* Debug */ = {
			isa = XCBuildConfiguration;
			buildSettings = {
				ALWAYS_SEARCH_USER_PATHS = NO;
				ASSETCATALOG_COMPILER_GENERATE_SWIFT_ASSET_SYMBOL_EXTENSIONS = YES;
				CLANG_ANALYZER_NONNULL = YES;
				CLANG_ANALYZER_NUMBER_OBJECT_CONVERSION = YES_AGGRESSIVE;
				CLANG_CXX_LANGUAGE_STANDARD = "gnu++20";
				CLANG_ENABLE_MODULES = YES;
				CLANG_ENABLE_OBJC_ARC = YES;
				CLANG_ENABLE_OBJC_WEAK = YES;
				CLANG_WARN_BLOCK_CAPTURE_AUTORELEASING = YES;
				CLANG_WARN_BOOL_CONVERSION = YES;
				CLANG_WARN_COMMA = YES;
				CLANG_WARN_CONSTANT_CONVERSION = YES;
				CLANG_WARN_DEPRECATED_OBJC_IMPLEMENTATIONS = YES;
				CLANG_WARN_DIRECT_OBJC_ISA_USAGE = YES_ERROR;
				CLANG_WARN_DOCUMENTATION_COMMENTS = YES;
				CLANG_WARN_EMPTY_BODY = YES;
				CLANG_WARN_ENUM_CONVERSION = YES;
				CLANG_WARN_INFINITE_RECURSION = YES;
				CLANG_WARN_INT_CONVERSION = YES;
				CLANG_WARN_NON_LITERAL_NULL_CONVERSION = YES;
				CLANG_WARN_OBJC_IMPLICIT_RETAIN_SELF = YES;
				CLANG_WARN_OBJC_LITERAL_CONVERSION = YES;
				CLANG_WARN_OBJC_ROOT_CLASS = YES_ERROR;
				CLANG_WARN_QUOTED_INCLUDE_IN_FRAMEWORK_HEADER = YES;
				CLANG_WARN_RANGE_LOOP_ANALYSIS = YES;
				CLANG_WARN_STRICT_PROTOTYPES = YES;
				CLANG_WARN_SUSPICIOUS_MOVE = YES;
				CLANG_WARN_UNGUARDED_AVAILABILITY = YES_AGGRESSIVE;
				CLANG_WARN_UNREACHABLE_CODE = YES;
				CLANG_WARN__DUPLICATE_METHOD_MATCH = YES;
				COPY_PHASE_STRIP = NO;
				DEBUG_INFORMATION_FORMAT = dwarf;
				ENABLE_STRICT_OBJC_MSGSEND = YES;
				ENABLE_TESTABILITY = YES;
				ENABLE_USER_SCRIPT_SANDBOXING = YES;
				GCC_C_LANGUAGE_STANDARD = gnu17;
				GCC_DYNAMIC_NO_PIC = NO;
				GCC_NO_COMMON_BLOCKS = YES;
				GCC_OPTIMIZATION_LEVEL = 0;
				GCC_PREPROCESSOR_DEFINITIONS = (
					"DEBUG=1",
					"$(inherited)",
				);
				GCC_WARN_64_TO_32_BIT_CONVERSION = YES;
				GCC_WARN_ABOUT_RETURN_TYPE = YES_ERROR;
				GCC_WARN_UNDECLARED_SELECTOR = YES;
				GCC_WARN_UNINITIALIZED_AUTOS = YES_AGGRESSIVE;
				GCC_WARN_UNUSED_FUNCTION = YES;
				GCC_WARN_UNUSED_VARIABLE = YES;
				IPHONEOS_DEPLOYMENT_TARGET = 17.2;
				LOCALIZATION_PREFERS_STRING_CATALOGS = YES;
				MTL_ENABLE_DEBUG_INFO = INCLUDE_SOURCE;
				MTL_FAST_MATH = YES;
				ONLY_ACTIVE_ARCH = YES;
				SDKROOT = iphoneos;
				SWIFT_ACTIVE_COMPILATION_CONDITIONS = "DEBUG $(inherited)";
				SWIFT_OPTIMIZATION_LEVEL = "-Onone";
			};
			name = Debug;
		};
		8D18CADF2B727FA3004C5423 /* Release */ = {
			isa = XCBuildConfiguration;
			buildSettings = {
				ALWAYS_SEARCH_USER_PATHS = NO;
				ASSETCATALOG_COMPILER_GENERATE_SWIFT_ASSET_SYMBOL_EXTENSIONS = YES;
				CLANG_ANALYZER_NONNULL = YES;
				CLANG_ANALYZER_NUMBER_OBJECT_CONVERSION = YES_AGGRESSIVE;
				CLANG_CXX_LANGUAGE_STANDARD = "gnu++20";
				CLANG_ENABLE_MODULES = YES;
				CLANG_ENABLE_OBJC_ARC = YES;
				CLANG_ENABLE_OBJC_WEAK = YES;
				CLANG_WARN_BLOCK_CAPTURE_AUTORELEASING = YES;
				CLANG_WARN_BOOL_CONVERSION = YES;
				CLANG_WARN_COMMA = YES;
				CLANG_WARN_CONSTANT_CONVERSION = YES;
				CLANG_WARN_DEPRECATED_OBJC_IMPLEMENTATIONS = YES;
				CLANG_WARN_DIRECT_OBJC_ISA_USAGE = YES_ERROR;
				CLANG_WARN_DOCUMENTATION_COMMENTS = YES;
				CLANG_WARN_EMPTY_BODY = YES;
				CLANG_WARN_ENUM_CONVERSION = YES;
				CLANG_WARN_INFINITE_RECURSION = YES;
				CLANG_WARN_INT_CONVERSION = YES;
				CLANG_WARN_NON_LITERAL_NULL_CONVERSION = YES;
				CLANG_WARN_OBJC_IMPLICIT_RETAIN_SELF = YES;
				CLANG_WARN_OBJC_LITERAL_CONVERSION = YES;
				CLANG_WARN_OBJC_ROOT_CLASS = YES_ERROR;
				CLANG_WARN_QUOTED_INCLUDE_IN_FRAMEWORK_HEADER = YES;
				CLANG_WARN_RANGE_LOOP_ANALYSIS = YES;
				CLANG_WARN_STRICT_PROTOTYPES = YES;
				CLANG_WARN_SUSPICIOUS_MOVE = YES;
				CLANG_WARN_UNGUARDED_AVAILABILITY = YES_AGGRESSIVE;
				CLANG_WARN_UNREACHABLE_CODE = YES;
				CLANG_WARN__DUPLICATE_METHOD_MATCH = YES;
				COPY_PHASE_STRIP = NO;
				DEBUG_INFORMATION_FORMAT = "dwarf-with-dsym";
				ENABLE_NS_ASSERTIONS = NO;
				ENABLE_STRICT_OBJC_MSGSEND = YES;
				ENABLE_USER_SCRIPT_SANDBOXING = YES;
				GCC_C_LANGUAGE_STANDARD = gnu17;
				GCC_NO_COMMON_BLOCKS = YES;
				GCC_WARN_64_TO_32_BIT_CONVERSION = YES;
				GCC_WARN_ABOUT_RETURN_TYPE = YES_ERROR;
				GCC_WARN_UNDECLARED_SELECTOR = YES;
				GCC_WARN_UNINITIALIZED_AUTOS = YES_AGGRESSIVE;
				GCC_WARN_UNUSED_FUNCTION = YES;
				GCC_WARN_UNUSED_VARIABLE = YES;
				IPHONEOS_DEPLOYMENT_TARGET = 17.2;
				LOCALIZATION_PREFERS_STRING_CATALOGS = YES;
				MTL_ENABLE_DEBUG_INFO = NO;
				MTL_FAST_MATH = YES;
				SDKROOT = iphoneos;
				SWIFT_COMPILATION_MODE = wholemodule;
				VALIDATE_PRODUCT = YES;
			};
			name = Release;
		};
		8D18CAE12B727FA3004C5423 /* Debug */ = {
			isa = XCBuildConfiguration;
			buildSettings = {
				ASSETCATALOG_COMPILER_APPICON_NAME = AppIcon;
				ASSETCATALOG_COMPILER_GLOBAL_ACCENT_COLOR_NAME = AccentColor;
				CODE_SIGN_ENTITLEMENTS = "H4CXR NEWS/H4CXR NEWS.entitlements";
				"CODE_SIGN_IDENTITY[sdk=macosx*]" = "Apple Development";
				CODE_SIGN_STYLE = Automatic;
				CURRENT_PROJECT_VERSION = 2;
				DEVELOPMENT_ASSET_PATHS = "\"H4CXR NEWS/Preview Content\"";
				DEVELOPMENT_TEAM = NPDAJ7DPSD;
				ENABLE_PREVIEWS = YES;
				GENERATE_INFOPLIST_FILE = YES;
				INFOPLIST_KEY_UIApplicationSceneManifest_Generation = YES;
				INFOPLIST_KEY_UIApplicationSupportsIndirectInputEvents = YES;
				INFOPLIST_KEY_UILaunchScreen_Generation = YES;
				INFOPLIST_KEY_UISupportedInterfaceOrientations_iPad = "UIInterfaceOrientationPortrait UIInterfaceOrientationPortraitUpsideDown UIInterfaceOrientationLandscapeLeft UIInterfaceOrientationLandscapeRight";
				INFOPLIST_KEY_UISupportedInterfaceOrientations_iPhone = "UIInterfaceOrientationPortrait UIInterfaceOrientationLandscapeLeft UIInterfaceOrientationLandscapeRight";
				LD_RUNPATH_SEARCH_PATHS = (
					"$(inherited)",
					"@executable_path/Frameworks",
				);
				MARKETING_VERSION = 1.0;
				PRODUCT_BUNDLE_IDENTIFIER = "co.tejashsingh.H4CXR-NEWS";
				PRODUCT_NAME = "$(TARGET_NAME)";
				SUPPORTED_PLATFORMS = "iphoneos iphonesimulator";
				SUPPORTS_MACCATALYST = YES;
				SWIFT_EMIT_LOC_STRINGS = YES;
				SWIFT_VERSION = 5.0;
				TARGETED_DEVICE_FAMILY = "1,2";
			};
			name = Debug;
		};
		8D18CAE22B727FA3004C5423 /* Release */ = {
			isa = XCBuildConfiguration;
			buildSettings = {
				ASSETCATALOG_COMPILER_APPICON_NAME = AppIcon;
				ASSETCATALOG_COMPILER_GLOBAL_ACCENT_COLOR_NAME = AccentColor;
				CODE_SIGN_ENTITLEMENTS = "H4CXR NEWS/H4CXR NEWS.entitlements";
				"CODE_SIGN_IDENTITY[sdk=macosx*]" = "Apple Development";
				CODE_SIGN_STYLE = Automatic;
				CURRENT_PROJECT_VERSION = 2;
				DEVELOPMENT_ASSET_PATHS = "\"H4CXR NEWS/Preview Content\"";
				DEVELOPMENT_TEAM = NPDAJ7DPSD;
				ENABLE_PREVIEWS = YES;
				GENERATE_INFOPLIST_FILE = YES;
				INFOPLIST_KEY_UIApplicationSceneManifest_Generation = YES;
				INFOPLIST_KEY_UIApplicationSupportsIndirectInputEvents = YES;
				INFOPLIST_KEY_UILaunchScreen_Generation = YES;
				INFOPLIST_KEY_UISupportedInterfaceOrientations_iPad = "UIInterfaceOrientationPortrait UIInterfaceOrientationPortraitUpsideDown UIInterfaceOrientationLandscapeLeft UIInterfaceOrientationLandscapeRight";
				INFOPLIST_KEY_UISupportedInterfaceOrientations_iPhone = "UIInterfaceOrientationPortrait UIInterfaceOrientationLandscapeLeft UIInterfaceOrientationLandscapeRight";
				LD_RUNPATH_SEARCH_PATHS = (
					"$(inherited)",
					"@executable_path/Frameworks",
				);
				MARKETING_VERSION = 1.0;
				PRODUCT_BUNDLE_IDENTIFIER = "co.tejashsingh.H4CXR-NEWS";
				PRODUCT_NAME = "$(TARGET_NAME)";
				SUPPORTED_PLATFORMS = "iphoneos iphonesimulator";
				SUPPORTS_MACCATALYST = YES;
				SWIFT_EMIT_LOC_STRINGS = YES;
				SWIFT_VERSION = 5.0;
				TARGETED_DEVICE_FAMILY = "1,2";
			};
			name = Release;
		};
/* End XCBuildConfiguration section */

/* Begin XCConfigurationList section */
		8D18CACD2B727FA2004C5423 /* Build configuration list for PBXProject "H4CXR NEWS" */ = {
			isa = XCConfigurationList;
			buildConfigurations = (
				8D18CADE2B727FA3004C5423 /* Debug */,
				8D18CADF2B727FA3004C5423 /* Release */,
			);
			defaultConfigurationIsVisible = 0;
			defaultConfigurationName = Release;
		};
		8D18CAE02B727FA3004C5423 /* Build configuration list for PBXNativeTarget "H4CXR NEWS" */ = {
			isa = XCConfigurationList;
			buildConfigurations = (
				8D18CAE12B727FA3004C5423 /* Debug */,
				8D18CAE22B727FA3004C5423 /* Release */,
			);
			defaultConfigurationIsVisible = 0;
			defaultConfigurationName = Release;
		};
/* End XCConfigurationList section */
	};
	rootObject = 8D18CACA2B727FA2004C5423 /* Project object */;
}
